
Microsoft Visual Studio Solution File, Format Version 12.00
# Visual Studio 2013
VisualStudioVersion = 12.0.31101.0
MinimumVisualStudioVersion = 10.0.40219.1
Project("{2150E333-8FDC-42A3-9474-1A3956D46DE8}") = ".nuget", ".nuget", "{E267D97F-EC17-44B7-943A-F2B9A6F90228}"
EndProject
Project("{FAE04EC0-301F-11D3-BF4B-00C04F79EFBC}") = "BankingKata", "BankingKata\BankingKata.csproj", "{7BE55A52-0898-421A-8F17-FD2D013EEF66}"
EndProject
Project("{FAE04EC0-301F-11D3-BF4B-00C04F79EFBC}") = "BankingKataTests", "BankingKataTests\BankingKataTests.csproj", "{7380F718-ECA7-44B8-9BA1-42548F8238E6}"
	ProjectSection(ProjectDependencies) = postProject
		{7BE55A52-0898-421A-8F17-FD2D013EEF66} = {7BE55A52-0898-421A-8F17-FD2D013EEF66}
	EndProjectSection
EndProject
Global
	GlobalSection(SolutionConfigurationPlatforms) = preSolution
		Debug|Any CPU = Debug|Any CPU
		Release|Any CPU = Release|Any CPU
	EndGlobalSection
	GlobalSection(ProjectConfigurationPlatforms) = postSolution
		{7BE55A52-0898-421A-8F17-FD2D013EEF66}.Debug|Any CPU.ActiveCfg = Debug|Any CPU
		{7BE55A52-0898-421A-8F17-FD2D013EEF66}.Debug|Any CPU.Build.0 = Debug|Any CPU
		{7BE55A52-0898-421A-8F17-FD2D013EEF66}.Release|Any CPU.ActiveCfg = Release|Any CPU
		{7BE55A52-0898-421A-8F17-FD2D013EEF66}.Release|Any CPU.Build.0 = Release|Any CPU
		{7380F718-ECA7-44B8-9BA1-42548F8238E6}.Debug|Any CPU.ActiveCfg = Debug|Any CPU
		{7380F718-ECA7-44B8-9BA1-42548F8238E6}.Debug|Any CPU.Build.0 = Debug|Any CPU
		{7380F718-ECA7-44B8-9BA1-42548F8238E6}.Release|Any CPU.ActiveCfg = Release|Any CPU
		{7380F718-ECA7-44B8-9BA1-42548F8238E6}.Release|Any CPU.Build.0 = Release|Any CPU
	EndGlobalSection
	GlobalSection(SolutionProperties) = preSolution
		HideSolutionNode = FALSE
	EndGlobalSection
EndGlobal
